// !$*UTF8*$!
{
	archiveVersion = 1;
	classes = {
	};
	objectVersion = 46;
	objects = {

/* Begin PBXBuildFile section */
		A5F993E917CB033D008B5FA3 /* UIKit.framework in Frameworks */ = {isa = PBXBuildFile; fileRef = A5F993E817CB033D008B5FA3 /* UIKit.framework */; };
		A5F993EB17CB033D008B5FA3 /* Foundation.framework in Frameworks */ = {isa = PBXBuildFile; fileRef = A5F993EA17CB033D008B5FA3 /* Foundation.framework */; };
		A5F993ED17CB033D008B5FA3 /* CoreGraphics.framework in Frameworks */ = {isa = PBXBuildFile; fileRef = A5F993EC17CB033D008B5FA3 /* CoreGraphics.framework */; };
		A5F993F317CB033D008B5FA3 /* InfoPlist.strings in Resources */ = {isa = PBXBuildFile; fileRef = A5F993F117CB033D008B5FA3 /* InfoPlist.strings */; };
		A5F993F517CB033D008B5FA3 /* main.m in Sources */ = {isa = PBXBuildFile; fileRef = A5F993F417CB033D008B5FA3 /* main.m */; };
		A5F993F917CB033D008B5FA3 /* AppDelegate.m in Sources */ = {isa = PBXBuildFile; fileRef = A5F993F817CB033D008B5FA3 /* AppDelegate.m */; };
		A5F993FB17CB033D008B5FA3 /* Default.png in Resources */ = {isa = PBXBuildFile; fileRef = A5F993FA17CB033D008B5FA3 /* Default.png */; };
		A5F993FD17CB033D008B5FA3 /* Default@2x.png in Resources */ = {isa = PBXBuildFile; fileRef = A5F993FC17CB033D008B5FA3 /* Default@2x.png */; };
		A5F993FF17CB033D008B5FA3 /* Default-568h@2x.png in Resources */ = {isa = PBXBuildFile; fileRef = A5F993FE17CB033D008B5FA3 /* Default-568h@2x.png */; };
		A5F9940817CB0352008B5FA3 /* HomeViewViewController.m in Sources */ = {isa = PBXBuildFile; fileRef = A5F9940617CB0352008B5FA3 /* HomeViewViewController.m */; };
		A5F9940917CB0352008B5FA3 /* HomeViewViewController.xib in Resources */ = {isa = PBXBuildFile; fileRef = A5F9940717CB0352008B5FA3 /* HomeViewViewController.xib */; };
		A5F9940D17CB3C7E008B5FA3 /* UIImageScaleViewController.m in Sources */ = {isa = PBXBuildFile; fileRef = A5F9940B17CB3C7E008B5FA3 /* UIImageScaleViewController.m */; };
		A5F9940E17CB3C7E008B5FA3 /* UIImageScaleViewController.xib in Resources */ = {isa = PBXBuildFile; fileRef = A5F9940C17CB3C7E008B5FA3 /* UIImageScaleViewController.xib */; };
		A5F9941017CB3F14008B5FA3 /* QuartzCore.framework in Frameworks */ = {isa = PBXBuildFile; fileRef = A5F9940F17CB3F14008B5FA3 /* QuartzCore.framework */; };
/* End PBXBuildFile section */

/* Begin PBXFileReference section */
		A5F993E517CB033D008B5FA3 /* Demo_Me.app */ = {isa = PBXFileReference; explicitFileType = wrapper.application; includeInIndex = 0; path = Demo_Me.app; sourceTree = BUILT_PRODUCTS_DIR; };
		A5F993E817CB033D008B5FA3 /* UIKit.framework */ = {isa = PBXFileReference; lastKnownFileType = wrapper.framework; name = UIKit.framework; path = System/Library/Frameworks/UIKit.framework; sourceTree = SDKROOT; };
		A5F993EA17CB033D008B5FA3 /* Foundation.framework */ = {isa = PBXFileReference; lastKnownFileType = wrapper.framework; name = Foundation.framework; path = System/Library/Frameworks/Foundation.framework; sourceTree = SDKROOT; };
		A5F993EC17CB033D008B5FA3 /* CoreGraphics.framework */ = {isa = PBXFileReference; lastKnownFileType = wrapper.framework; name = CoreGraphics.framework; path = System/Library/Frameworks/CoreGraphics.framework; sourceTree = SDKROOT; };
		A5F993F017CB033D008B5FA3 /* Demo_Me-Info.plist */ = {isa = PBXFileReference; lastKnownFileType = text.plist.xml; path = "Demo_Me-Info.plist"; sourceTree = "<group>"; };
		A5F993F217CB033D008B5FA3 /* en */ = {isa = PBXFileReference; lastKnownFileType = text.plist.strings; name = en; path = en.lproj/InfoPlist.strings; sourceTree = "<group>"; };
		A5F993F417CB033D008B5FA3 /* main.m */ = {isa = PBXFileReference; lastKnownFileType = sourcecode.c.objc; path = main.m; sourceTree = "<group>"; };
		A5F993F617CB033D008B5FA3 /* Demo_Me-Prefix.pch */ = {isa = PBXFileReference; lastKnownFileType = sourcecode.c.h; path = "Demo_Me-Prefix.pch"; sourceTree = "<group>"; };
		A5F993F717CB033D008B5FA3 /* AppDelegate.h */ = {isa = PBXFileReference; lastKnownFileType = sourcecode.c.h; path = AppDelegate.h; sourceTree = "<group>"; };
		A5F993F817CB033D008B5FA3 /* AppDelegate.m */ = {isa = PBXFileReference; lastKnownFileType = sourcecode.c.objc; path = AppDelegate.m; sourceTree = "<group>"; };
		A5F993FA17CB033D008B5FA3 /* Default.png */ = {isa = PBXFileReference; lastKnownFileType = image.png; path = Default.png; sourceTree = "<group>"; };
		A5F993FC17CB033D008B5FA3 /* Default@2x.png */ = {isa = PBXFileReference; lastKnownFileType = image.png; path = "Default@2x.png"; sourceTree = "<group>"; };
		A5F993FE17CB033D008B5FA3 /* Default-568h@2x.png */ = {isa = PBXFileReference; lastKnownFileType = image.png; path = "Default-568h@2x.png"; sourceTree = "<group>"; };
		A5F9940517CB0352008B5FA3 /* HomeViewViewController.h */ = {isa = PBXFileReference; fileEncoding = 4; lastKnownFileType = sourcecode.c.h; path = HomeViewViewController.h; sourceTree = "<group>"; };
		A5F9940617CB0352008B5FA3 /* HomeViewViewController.m */ = {isa = PBXFileReference; fileEncoding = 4; lastKnownFileType = sourcecode.c.objc; path = HomeViewViewController.m; sourceTree = "<group>"; };
		A5F9940717CB0352008B5FA3 /* HomeViewViewController.xib */ = {isa = PBXFileReference; fileEncoding = 4; lastKnownFileType = file.xib; path = HomeViewViewController.xib; sourceTree = "<group>"; };
		A5F9940A17CB3C7E008B5FA3 /* UIImageScaleViewController.h */ = {isa = PBXFileReference; fileEncoding = 4; lastKnownFileType = sourcecode.c.h; path = UIImageScaleViewController.h; sourceTree = "<group>"; };
		A5F9940B17CB3C7E008B5FA3 /* UIImageScaleViewController.m */ = {isa = PBXFileReference; fileEncoding = 4; lastKnownFileType = sourcecode.c.objc; path = UIImageScaleViewController.m; sourceTree = "<group>"; };
		A5F9940C17CB3C7E008B5FA3 /* UIImageScaleViewController.xib */ = {isa = PBXFileReference; fileEncoding = 4; lastKnownFileType = file.xib; path = UIImageScaleViewController.xib; sourceTree = "<group>"; };
		A5F9940F17CB3F14008B5FA3 /* QuartzCore.framework */ = {isa = PBXFileReference; lastKnownFileType = wrapper.framework; name = QuartzCore.framework; path = System/Library/Frameworks/QuartzCore.framework; sourceTree = SDKROOT; };
/* End PBXFileReference section */

/* Begin PBXFrameworksBuildPhase section */
		A5F993E217CB033D008B5FA3 /* Frameworks */ = {
			isa = PBXFrameworksBuildPhase;
			buildActionMask = 2147483647;
			files = (
				A5F9941017CB3F14008B5FA3 /* QuartzCore.framework in Frameworks */,
				A5F993E917CB033D008B5FA3 /* UIKit.framework in Frameworks */,
				A5F993EB17CB033D008B5FA3 /* Foundation.framework in Frameworks */,
				A5F993ED17CB033D008B5FA3 /* CoreGraphics.framework in Frameworks */,
			);
			runOnlyForDeploymentPostprocessing = 0;
		};
/* End PBXFrameworksBuildPhase section */

/* Begin PBXGroup section */
		A5F993DC17CB033D008B5FA3 = {
			isa = PBXGroup;
			children = (
				A5F9940F17CB3F14008B5FA3 /* QuartzCore.framework */,
				A5F9940A17CB3C7E008B5FA3 /* UIImageScaleViewController.h */,
				A5F9940B17CB3C7E008B5FA3 /* UIImageScaleViewController.m */,
				A5F9940C17CB3C7E008B5FA3 /* UIImageScaleViewController.xib */,
				A5F9940517CB0352008B5FA3 /* HomeViewViewController.h */,
				A5F9940617CB0352008B5FA3 /* HomeViewViewController.m */,
				A5F9940717CB0352008B5FA3 /* HomeViewViewController.xib */,
				A5F993EE17CB033D008B5FA3 /* Demo_Me */,
				A5F993E717CB033D008B5FA3 /* Frameworks */,
				A5F993E617CB033D008B5FA3 /* Products */,
			);
			sourceTree = "<group>";
		};
		A5F993E617CB033D008B5FA3 /* Products */ = {
			isa = PBXGroup;
			children = (
				A5F993E517CB033D008B5FA3 /* Demo_Me.app */,
			);
			name = Products;
			sourceTree = "<group>";
		};
		A5F993E717CB033D008B5FA3 /* Frameworks */ = {
			isa = PBXGroup;
			children = (
				A5F993E817CB033D008B5FA3 /* UIKit.framework */,
				A5F993EA17CB033D008B5FA3 /* Foundation.framework */,
				A5F993EC17CB033D008B5FA3 /* CoreGraphics.framework */,
			);
			name = Frameworks;
			sourceTree = "<group>";
		};
		A5F993EE17CB033D008B5FA3 /* Demo_Me */ = {
			isa = PBXGroup;
			children = (
				A5F993F717CB033D008B5FA3 /* AppDelegate.h */,
				A5F993F817CB033D008B5FA3 /* AppDelegate.m */,
				A5F993EF17CB033D008B5FA3 /* Supporting Files */,
			);
			path = Demo_Me;
			sourceTree = "<group>";
		};
		A5F993EF17CB033D008B5FA3 /* Supporting Files */ = {
			isa = PBXGroup;
			children = (
				A5F993F017CB033D008B5FA3 /* Demo_Me-Info.plist */,
				A5F993F117CB033D008B5FA3 /* InfoPlist.strings */,
				A5F993F417CB033D008B5FA3 /* main.m */,
				A5F993F617CB033D008B5FA3 /* Demo_Me-Prefix.pch */,
				A5F993FA17CB033D008B5FA3 /* Default.png */,
				A5F993FC17CB033D008B5FA3 /* Default@2x.png */,
				A5F993FE17CB033D008B5FA3 /* Default-568h@2x.png */,
			);
			name = "Supporting Files";
			sourceTree = "<group>";
		};
/* End PBXGroup section */

/* Begin PBXNativeTarget section */
		A5F993E417CB033D008B5FA3 /* Demo_Me */ = {
			isa = PBXNativeTarget;
			buildConfigurationList = A5F9940217CB033D008B5FA3 /* Build configuration list for PBXNativeTarget "Demo_Me" */;
			buildPhases = (
				A5F993E117CB033D008B5FA3 /* Sources */,
				A5F993E217CB033D008B5FA3 /* Frameworks */,
				A5F993E317CB033D008B5FA3 /* Resources */,
			);
			buildRules = (
			);
			dependencies = (
			);
			name = Demo_Me;
			productName = Demo_Me;
			productReference = A5F993E517CB033D008B5FA3 /* Demo_Me.app */;
			productType = "com.apple.product-type.application";
		};
/* End PBXNativeTarget section */

/* Begin PBXProject section */
		A5F993DD17CB033D008B5FA3 /* Project object */ = {
			isa = PBXProject;
			attributes = {
				LastUpgradeCheck = 0460;
				ORGANIZATIONNAME = YX;
			};
			buildConfigurationList = A5F993E017CB033D008B5FA3 /* Build configuration list for PBXProject "Demo_Me" */;
			compatibilityVersion = "Xcode 3.2";
			developmentRegion = English;
			hasScannedForEncodings = 0;
			knownRegions = (
				en,
			);
			mainGroup = A5F993DC17CB033D008B5FA3;
			productRefGroup = A5F993E617CB033D008B5FA3 /* Products */;
			projectDirPath = "";
			projectRoot = "";
			targets = (
				A5F993E417CB033D008B5FA3 /* Demo_Me */,
			);
		};
/* End PBXProject section */

/* Begin PBXResourcesBuildPhase section */
		A5F993E317CB033D008B5FA3 /* Resources */ = {
			isa = PBXResourcesBuildPhase;
			buildActionMask = 2147483647;
			files = (
				A5F993F317CB033D008B5FA3 /* InfoPlist.strings in Resources */,
				A5F993FB17CB033D008B5FA3 /* Default.png in Resources */,
				A5F993FD17CB033D008B5FA3 /* Default@2x.png in Resources */,
				A5F993FF17CB033D008B5FA3 /* Default-568h@2x.png in Resources */,
				A5F9940917CB0352008B5FA3 /* HomeViewViewController.xib in Resources */,
				A5F9940E17CB3C7E008B5FA3 /* UIImageScaleViewController.xib in Resources */,
			);
			runOnlyForDeploymentPostprocessing = 0;
		};
/* End PBXResourcesBuildPhase section */

/* Begin PBXSourcesBuildPhase section */
		A5F993E117CB033D008B5FA3 /* Sources */ = {
			isa = PBXSourcesBuildPhase;
			buildActionMask = 2147483647;
			files = (
				A5F993F517CB033D008B5FA3 /* main.m in Sources */,
				A5F993F917CB033D008B5FA3 /* AppDelegate.m in Sources */,
				A5F9940817CB0352008B5FA3 /* HomeViewViewController.m in Sources */,
				A5F9940D17CB3C7E008B5FA3 /* UIImageScaleViewController.m in Sources */,
			);
			runOnlyForDeploymentPostprocessing = 0;
		};
/* End PBXSourcesBuildPhase section */

/* Begin PBXVariantGroup section */
		A5F993F117CB033D008B5FA3 /* InfoPlist.strings */ = {
			isa = PBXVariantGroup;
			children = (
				A5F993F217CB033D008B5FA3 /* en */,
			);
			name = InfoPlist.strings;
			sourceTree = "<group>";
		};
/* End PBXVariantGroup section */

/* Begin XCBuildConfiguration section */
		A5F9940017CB033D008B5FA3 /* Debug */ = {
			isa = XCBuildConfiguration;
			buildSettings = {
				ALWAYS_SEARCH_USER_PATHS = NO;
				CLANG_CXX_LANGUAGE_STANDARD = "gnu++0x";
				CLANG_CXX_LIBRARY = "libc++";
				CLANG_WARN_CONSTANT_CONVERSION = YES;
				CLANG_WARN_EMPTY_BODY = YES;
				CLANG_WARN_ENUM_CONVERSION = YES;
				CLANG_WARN_INT_CONVERSION = YES;
				CLANG_WARN__DUPLICATE_METHOD_MATCH = YES;
				"CODE_SIGN_IDENTITY[sdk=iphoneos*]" = "iPhone Developer";
				COPY_PHASE_STRIP = NO;
				GCC_C_LANGUAGE_STANDARD = gnu99;
				GCC_DYNAMIC_NO_PIC = NO;
				GCC_OPTIMIZATION_LEVEL = 0;
				GCC_PREPROCESSOR_DEFINITIONS = (
					"DEBUG=1",
					"$(inherited)",
				);
				GCC_SYMBOLS_PRIVATE_EXTERN = NO;
				GCC_WARN_ABOUT_RETURN_TYPE = YES;
				GCC_WARN_UNINITIALIZED_AUTOS = YES;
				GCC_WARN_UNUSED_VARIABLE = YES;
				IPHONEOS_DEPLOYMENT_TARGET = 6.1;
				ONLY_ACTIVE_ARCH = YES;
				SDKROOT = iphoneos;
			};
			name = Debug;
		};
		A5F9940117CB033D008B5FA3 /* Release */ = {
			isa = XCBuildConfiguration;
			buildSettings = {
				ALWAYS_SEARCH_USER_PATHS = NO;
				CLANG_CXX_LANGUAGE_STANDARD = "gnu++0x";
				CLANG_CXX_LIBRARY = "libc++";
				CLANG_WARN_CONSTANT_CONVERSION = YES;
				CLANG_WARN_EMPTY_BODY = YES;
				CLANG_WARN_ENUM_CONVERSION = YES;
				CLANG_WARN_INT_CONVERSION = YES;
				CLANG_WARN__DUPLICATE_METHOD_MATCH = YES;
				"CODE_SIGN_IDENTITY[sdk=iphoneos*]" = "iPhone Developer";
				COPY_PHASE_STRIP = YES;
				GCC_C_LANGUAGE_STANDARD = gnu99;
				GCC_WARN_ABOUT_RETURN_TYPE = YES;
				GCC_WARN_UNINITIALIZED_AUTOS = YES;
				GCC_WARN_UNUSED_VARIABLE = YES;
				IPHONEOS_DEPLOYMENT_TARGET = 6.1;
				OTHER_CFLAGS = "-DNS_BLOCK_ASSERTIONS=1";
				SDKROOT = iphoneos;
				VALIDATE_PRODUCT = YES;
			};
			name = Release;
		};
		A5F9940317CB033D008B5FA3 /* Debug */ = {
			isa = XCBuildConfiguration;
			buildSettings = {
				GCC_PRECOMPILE_PREFIX_HEADER = YES;
				GCC_PREFIX_HEADER = "Demo_Me/Demo_Me-Prefix.pch";
				INFOPLIST_FILE = "Demo_Me/Demo_Me-Info.plist";
				IPHONEOS_DEPLOYMENT_TARGET = 6.0;
				PRODUCT_NAME = "$(TARGET_NAME)";
				TARGETED_DEVICE_FAMILY = 2;
				WRAPPER_EXTENSION = app;
			};
			name = Debug;
		};
		A5F9940417CB033D008B5FA3 /* Release */ = {
			isa = XCBuildConfiguration;
			buildSettings = {
				GCC_PRECOMPILE_PREFIX_HEADER = YES;
				GCC_PREFIX_HEADER = "Demo_Me/Demo_Me-Prefix.pch";
				INFOPLIST_FILE = "Demo_Me/Demo_Me-Info.plist";
				IPHONEOS_DEPLOYMENT_TARGET = 6.0;
				PRODUCT_NAME = "$(TARGET_NAME)";
				TARGETED_DEVICE_FAMILY = 2;
				WRAPPER_EXTENSION = app;
			};
			name = Release;
		};
/* End XCBuildConfiguration section */

/* Begin XCConfigurationList section */
		A5F993E017CB033D008B5FA3 /* Build configuration list for PBXProject "Demo_Me" */ = {
			isa = XCConfigurationList;
			buildConfigurations = (
				A5F9940017CB033D008B5FA3 /* Debug */,
				A5F9940117CB033D008B5FA3 /* Release */,
			);
			defaultConfigurationIsVisible = 0;
			defaultConfigurationName = Release;
		};
		A5F9940217CB033D008B5FA3 /* Build configuration list for PBXNativeTarget "Demo_Me" */ = {
			isa = XCConfigurationList;
			buildConfigurations = (
				A5F9940317CB033D008B5FA3 /* Debug */,
				A5F9940417CB033D008B5FA3 /* Release */,
			);
			defaultConfigurationIsVisible = 0;
			defaultConfigurationName = Release;
		};
/* End XCConfigurationList section */
	};
	rootObject = A5F993DD17CB033D008B5FA3 /* Project object */;
}
